
Microsoft Visual Studio Solution File, Format Version 12.00
# Visual Studio Version 17
VisualStudioVersion = 17.10.35201.131
MinimumVisualStudioVersion = 10.0.40219.1
Project("{FAE04EC0-301F-11D3-BF4B-00C04F79EFBC}") = "Tut", "Tut\Tut.csproj", "{40B70B00-10FD-40F4-8680-998D4E767C65}"
EndProject
Global
	GlobalSection(SolutionConfigurationPlatforms) = preSolution
		Debug|Any CPU = Debug|Any CPU
		Release|Any CPU = Release|Any CPU
	EndGlobalSection
	GlobalSection(ProjectConfigurationPlatforms) = postSolution
		{40B70B00-10FD-40F4-8680-998D4E767C65}.Debug|Any CPU.ActiveCfg = Debug|Any CPU
		{40B70B00-10FD-40F4-8680-998D4E767C65}.Debug|Any CPU.Build.0 = Debug|Any CPU
		{40B70B00-10FD-40F4-8680-998D4E767C65}.Release|Any CPU.ActiveCfg = Release|Any CPU
		{40B70B00-10FD-40F4-8680-998D4E767C65}.Release|Any CPU.Build.0 = Release|Any CPU
	EndGlobalSection
	GlobalSection(SolutionProperties) = preSolution
		HideSolutionNode = FALSE
	EndGlobalSection
	GlobalSection(ExtensibilityGlobals) = postSolution
		SolutionGuid = {F3482F14-283B-45B8-BAE9-7AC7F0F1ADB3}
	EndGlobalSection
EndGlobal
